
Microsoft Visual Studio Solution File, Format Version 12.00
# Visual Studio Version 17
VisualStudioVersion = 17.12.35514.174
MinimumVisualStudioVersion = 10.0.40219.1
Project("{FAE04EC0-301F-11D3-BF4B-00C04F79EFBC}") = "CSharpBootcamp301.EntityLayer", "CSharpBootcamp301.EntityLayer\CSharpBootcamp301.EntityLayer.csproj", "{3F3731FA-5A6A-4806-BAF4-A13DCC3D0C13}"
EndProject
Project("{FAE04EC0-301F-11D3-BF4B-00C04F79EFBC}") = "CSharpBootcamp301.DataAccessLayer", "CSharpBootcamp301.DataAccessLayer\CSharpBootcamp301.DataAccessLayer.csproj", "{8B180145-FB45-4EAF-BAD1-3448BB1DAA1F}"
EndProject
Project("{FAE04EC0-301F-11D3-BF4B-00C04F79EFBC}") = "CSharpBootcamp301.BusinessLayer", "CSharpBootcamp301.BusinessLayer\CSharpBootcamp301.BusinessLayer.csproj", "{9AE39106-B4C3-4EA5-AE36-32935FEC8491}"
EndProject
Project("{FAE04EC0-301F-11D3-BF4B-00C04F79EFBC}") = "CSharpBootcamp301.PresentationLayer", "CSharpBootcamp301.PresentationLayer\CSharpBootcamp301.PresentationLayer.csproj", "{85D2C47C-3D1F-40FE-87D7-F461A3630020}"
EndProject
Project("{FAE04EC0-301F-11D3-BF4B-00C04F79EFBC}") = "CSharpBootcamp301.EFProject", "CSharpBootcamp301.EFProject\CSharpBootcamp301.EFProject.csproj", "{49DED9FB-2E5C-4809-BCDB-413E3D451986}"
EndProject
Global
	GlobalSection(SolutionConfigurationPlatforms) = preSolution
		Debug|Any CPU = Debug|Any CPU
		Release|Any CPU = Release|Any CPU
	EndGlobalSection
	GlobalSection(ProjectConfigurationPlatforms) = postSolution
		{3F3731FA-5A6A-4806-BAF4-A13DCC3D0C13}.Debug|Any CPU.ActiveCfg = Debug|Any CPU
		{3F3731FA-5A6A-4806-BAF4-A13DCC3D0C13}.Debug|Any CPU.Build.0 = Debug|Any CPU
		{3F3731FA-5A6A-4806-BAF4-A13DCC3D0C13}.Release|Any CPU.ActiveCfg = Release|Any CPU
		{3F3731FA-5A6A-4806-BAF4-A13DCC3D0C13}.Release|Any CPU.Build.0 = Release|Any CPU
		{8B180145-FB45-4EAF-BAD1-3448BB1DAA1F}.Debug|Any CPU.ActiveCfg = Debug|Any CPU
		{8B180145-FB45-4EAF-BAD1-3448BB1DAA1F}.Debug|Any CPU.Build.0 = Debug|Any CPU
		{8B180145-FB45-4EAF-BAD1-3448BB1DAA1F}.Release|Any CPU.ActiveCfg = Release|Any CPU
		{8B180145-FB45-4EAF-BAD1-3448BB1DAA1F}.Release|Any CPU.Build.0 = Release|Any CPU
		{9AE39106-B4C3-4EA5-AE36-32935FEC8491}.Debug|Any CPU.ActiveCfg = Debug|Any CPU
		{9AE39106-B4C3-4EA5-AE36-32935FEC8491}.Debug|Any CPU.Build.0 = Debug|Any CPU
		{9AE39106-B4C3-4EA5-AE36-32935FEC8491}.Release|Any CPU.ActiveCfg = Release|Any CPU
		{9AE39106-B4C3-4EA5-AE36-32935FEC8491}.Release|Any CPU.Build.0 = Release|Any CPU
		{85D2C47C-3D1F-40FE-87D7-F461A3630020}.Debug|Any CPU.ActiveCfg = Debug|Any CPU
		{85D2C47C-3D1F-40FE-87D7-F461A3630020}.Debug|Any CPU.Build.0 = Debug|Any CPU
		{85D2C47C-3D1F-40FE-87D7-F461A3630020}.Release|Any CPU.ActiveCfg = Release|Any CPU
		{85D2C47C-3D1F-40FE-87D7-F461A3630020}.Release|Any CPU.Build.0 = Release|Any CPU
		{49DED9FB-2E5C-4809-BCDB-413E3D451986}.Debug|Any CPU.ActiveCfg = Debug|Any CPU
		{49DED9FB-2E5C-4809-BCDB-413E3D451986}.Debug|Any CPU.Build.0 = Debug|Any CPU
		{49DED9FB-2E5C-4809-BCDB-413E3D451986}.Release|Any CPU.ActiveCfg = Release|Any CPU
		{49DED9FB-2E5C-4809-BCDB-413E3D451986}.Release|Any CPU.Build.0 = Release|Any CPU
	EndGlobalSection
	GlobalSection(SolutionProperties) = preSolution
		HideSolutionNode = FALSE
	EndGlobalSection
EndGlobal
